
Microsoft Visual Studio Solution File, Format Version 12.00
# Visual Studio Version 16
VisualStudioVersion = 16.0.31829.152
MinimumVisualStudioVersion = 10.0.40219.1
Project("{FAE04EC0-301F-11D3-BF4B-00C04F79EFBC}") = "DctWebApp", "DctWebApp\DctWebApp.csproj", "{6FAB924D-B921-4DB4-8B0C-EB6E6D209DAF}"
EndProject
Global
	GlobalSection(SolutionConfigurationPlatforms) = preSolution
		Debug|Any CPU = Debug|Any CPU
		Release|Any CPU = Release|Any CPU
	EndGlobalSection
	GlobalSection(ProjectConfigurationPlatforms) = postSolution
		{6FAB924D-B921-4DB4-8B0C-EB6E6D209DAF}.Debug|Any CPU.ActiveCfg = Debug|Any CPU
		{6FAB924D-B921-4DB4-8B0C-EB6E6D209DAF}.Debug|Any CPU.Build.0 = Debug|Any CPU
		{6FAB924D-B921-4DB4-8B0C-EB6E6D209DAF}.Release|Any CPU.ActiveCfg = Release|Any CPU
		{6FAB924D-B921-4DB4-8B0C-EB6E6D209DAF}.Release|Any CPU.Build.0 = Release|Any CPU
	EndGlobalSection
	GlobalSection(SolutionProperties) = preSolution
		HideSolutionNode = FALSE
	EndGlobalSection
	GlobalSection(ExtensibilityGlobals) = postSolution
		SolutionGuid = {796DD161-D1CD-4530-9723-E426E8EC4E21}
	EndGlobalSection
EndGlobal
